PODS:
  - Flutter (1.0.0)
  - native_draggable (0.0.1):
    - Flutter

DEPENDENCIES:
  - Flutter (from `Flutter`)
  - native_draggable (from `.symlinks/plugins/native_draggable/ios`)

EXTERNAL SOURCES:
  Flutter:
    :path: Flutter
  native_draggable:
    :path: ".symlinks/plugins/native_draggable/ios"

SPEC CHECKSUMS:
  Flutter: 0e3d915762c693b495b44d77113d4970485de6ec
  native_draggable: 34391ae4c82141c74d618ac1401506e56e9eb1ac

PODFILE CHECKSUM: aafe91acc616949ddb318b77800a7f51bffa2a4c

COCOAPODS: 1.8.4
