PODS:
  - Flutter (1.0.0)
  - native_draggable (0.0.1):
    - Flutter

DEPENDENCIES:
  - Flutter (from `Flutter`)
  - native_draggable (from `.symlinks/plugins/native_draggable/ios`)

EXTERNAL SOURCES:
  Flutter:
    :path: Flutter
  native_draggable:
    :path: ".symlinks/plugins/native_draggable/ios"

SPEC CHECKSUMS:
  Flutter: 434fef37c0980e73bb6479ef766c45957d4b510c
  native_draggable: c7c73036883623803549737d837ee2430070fcdc

PODFILE CHECKSUM: aafe91acc616949ddb318b77800a7f51bffa2a4c

COCOAPODS: 1.10.2
